
Microsoft Visual Studio Solution File, Format Version 12.00
# Visual Studio Version 16
VisualStudioVersion = 16.0.810.10
MinimumVisualStudioVersion = 10.0.40219.1
Project("{FAE04EC0-301F-11D3-BF4B-00C04F79EFBC}") = "Bank", "Bank\Bank.csproj", "{7A8E95CE-4D96-47FF-A2A4-8BDA71402343}"
EndProject
Project("{FAE04EC0-301F-11D3-BF4B-00C04F79EFBC}") = "BankAccountTests", "BankAccountTests\BankAccountTests.csproj", "{AAC628AB-8FB2-40BC-BA69-B4C83306790F}"
EndProject
Project("{FAE04EC0-301F-11D3-BF4B-00C04F79EFBC}") = "BankTest", "BankTest\BankTest.csproj", "{807065DE-8FFE-4956-9BA2-CAC71B06C553}"
EndProject
Global
	GlobalSection(SolutionConfigurationPlatforms) = preSolution
		Debug|Any CPU = Debug|Any CPU
		Release|Any CPU = Release|Any CPU
	EndGlobalSection
	GlobalSection(ProjectConfigurationPlatforms) = postSolution
		{7A8E95CE-4D96-47FF-A2A4-8BDA71402343}.Debug|Any CPU.ActiveCfg = Debug|Any CPU
		{7A8E95CE-4D96-47FF-A2A4-8BDA71402343}.Debug|Any CPU.Build.0 = Debug|Any CPU
		{7A8E95CE-4D96-47FF-A2A4-8BDA71402343}.Release|Any CPU.ActiveCfg = Release|Any CPU
		{7A8E95CE-4D96-47FF-A2A4-8BDA71402343}.Release|Any CPU.Build.0 = Release|Any CPU
		{AAC628AB-8FB2-40BC-BA69-B4C83306790F}.Debug|Any CPU.ActiveCfg = Debug|Any CPU
		{AAC628AB-8FB2-40BC-BA69-B4C83306790F}.Debug|Any CPU.Build.0 = Debug|Any CPU
		{AAC628AB-8FB2-40BC-BA69-B4C83306790F}.Release|Any CPU.ActiveCfg = Release|Any CPU
		{AAC628AB-8FB2-40BC-BA69-B4C83306790F}.Release|Any CPU.Build.0 = Release|Any CPU
		{807065DE-8FFE-4956-9BA2-CAC71B06C553}.Debug|Any CPU.ActiveCfg = Debug|Any CPU
		{807065DE-8FFE-4956-9BA2-CAC71B06C553}.Debug|Any CPU.Build.0 = Debug|Any CPU
		{807065DE-8FFE-4956-9BA2-CAC71B06C553}.Release|Any CPU.ActiveCfg = Release|Any CPU
		{807065DE-8FFE-4956-9BA2-CAC71B06C553}.Release|Any CPU.Build.0 = Release|Any CPU
	EndGlobalSection
	GlobalSection(SolutionProperties) = preSolution
		HideSolutionNode = FALSE
	EndGlobalSection
	GlobalSection(ExtensibilityGlobals) = postSolution
		SolutionGuid = {9595F732-B99E-410A-9B12-B4513E7C08E7}
	EndGlobalSection
EndGlobal
